
Microsoft Visual Studio Solution File, Format Version 12.00
# Visual Studio 15
VisualStudioVersion = 15.0.26430.13
MinimumVisualStudioVersion = 10.0.40219.1
Project("{FAE04EC0-301F-11D3-BF4B-00C04F79EFBC}") = "BDD.Specflow", "BDD.Specflow.csproj", "{88AFE1AE-5211-4718-9768-14E8D145B78E}"
EndProject
Project("{FAE04EC0-301F-11D3-BF4B-00C04F79EFBC}") = "BDD.Ferramentas", "BDD.Ferramentas\BDD.Ferramentas.csproj", "{BA50D661-F1F1-49DF-B1A3-D3FC96C86439}"
EndProject
Global
	GlobalSection(SolutionConfigurationPlatforms) = preSolution
		Debug|Any CPU = Debug|Any CPU
		Release|Any CPU = Release|Any CPU
	EndGlobalSection
	GlobalSection(ProjectConfigurationPlatforms) = postSolution
		{88AFE1AE-5211-4718-9768-14E8D145B78E}.Debug|Any CPU.ActiveCfg = Debug|Any CPU
		{88AFE1AE-5211-4718-9768-14E8D145B78E}.Debug|Any CPU.Build.0 = Debug|Any CPU
		{88AFE1AE-5211-4718-9768-14E8D145B78E}.Release|Any CPU.ActiveCfg = Release|Any CPU
		{88AFE1AE-5211-4718-9768-14E8D145B78E}.Release|Any CPU.Build.0 = Release|Any CPU
		{BA50D661-F1F1-49DF-B1A3-D3FC96C86439}.Debug|Any CPU.ActiveCfg = Debug|Any CPU
		{BA50D661-F1F1-49DF-B1A3-D3FC96C86439}.Debug|Any CPU.Build.0 = Debug|Any CPU
		{BA50D661-F1F1-49DF-B1A3-D3FC96C86439}.Release|Any CPU.ActiveCfg = Release|Any CPU
		{BA50D661-F1F1-49DF-B1A3-D3FC96C86439}.Release|Any CPU.Build.0 = Release|Any CPU
	EndGlobalSection
	GlobalSection(SolutionProperties) = preSolution
		HideSolutionNode = FALSE
	EndGlobalSection
EndGlobal
